
Microsoft Visual Studio Solution File, Format Version 12.00
# Visual Studio Version 16
VisualStudioVersion = 16.0.30804.86
MinimumVisualStudioVersion = 10.0.40219.1
Project("{FAE04EC0-301F-11D3-BF4B-00C04F79EFBC}") = "dogBarberShop", "dogBarberShop\dogBarberShop.csproj", "{0D6324B2-D12B-47CD-A55F-64E6A541C60E}"
EndProject
Global
	GlobalSection(SolutionConfigurationPlatforms) = preSolution
		Debug|Any CPU = Debug|Any CPU
		Release|Any CPU = Release|Any CPU
	EndGlobalSection
	GlobalSection(ProjectConfigurationPlatforms) = postSolution
		{0D6324B2-D12B-47CD-A55F-64E6A541C60E}.Debug|Any CPU.ActiveCfg = Debug|Any CPU
		{0D6324B2-D12B-47CD-A55F-64E6A541C60E}.Debug|Any CPU.Build.0 = Debug|Any CPU
		{0D6324B2-D12B-47CD-A55F-64E6A541C60E}.Release|Any CPU.ActiveCfg = Release|Any CPU
		{0D6324B2-D12B-47CD-A55F-64E6A541C60E}.Release|Any CPU.Build.0 = Release|Any CPU
	EndGlobalSection
	GlobalSection(SolutionProperties) = preSolution
		HideSolutionNode = FALSE
	EndGlobalSection
	GlobalSection(ExtensibilityGlobals) = postSolution
		SolutionGuid = {505D5DD9-0075-4118-95E9-D04AFB8C9AA9}
	EndGlobalSection
EndGlobal
